{
  "name": "device-simulation",
  "version": "1.0.0",
  "lockfileVersion": 1,
  "requires": true,
  "dependencies": {
    "@babel/runtime": {
      "version": "7.3.4",
      "resolved": "https://registry.npmjs.org/@babel/runtime/-/runtime-7.3.4.tgz",
      "integrity": "sha512-IvfvnMdSaLBateu0jfsYIpZTxAc2cKEXEMiezGGN75QcBcecDUKd3PgLAncT0oOgxKy8dd8hrJKj9MfzgfZd6g==",
      "requires": {
        "regenerator-runtime": "^0.12.0"
      }
    },
    "debug": {
      "version": "4.3.4",
      "resolved": "https://registry.npmjs.org/debug/-/debug-4.3.4.tgz",
      "integrity": "sha512-PRWFHuSU3eDtQJPvnNY7Jcket1j0t5OuOsFzPPzsekD52Zl8qUfFIPEiswXqIvHWGVHOgX+7G/vCNNhehwxfkQ==",
      "requires": {
        "ms": "2.1.2"
      },
      "dependencies": {
        "ms": {
          "version": "2.1.2",
          "resolved": "https://registry.npmjs.org/ms/-/ms-2.1.2.tgz",
          "integrity": "sha512-sGkPx+VjMtmA6MX27oA4FBFELFCZZ4S4XqeGOXCv68tT+jb3vk/RyaKWP0PTKyWtmLSM0b+adUTEvbs1PEaH2w=="
        }
      }
    },
    "lodash.defaultsdeep": {
      "version": "4.6.1",
      "resolved": "https://registry.npmjs.org/lodash.defaultsdeep/-/lodash.defaultsdeep-4.6.1.tgz",
      "integrity": "sha512-3j8wdDzYuWO3lM3Reg03MuQR957t287Rpcxp1njpEa8oDrikb+FwGdW3n+FELh/A6qib6yPit0j/pv9G/yeAqA=="
    },
    "lodash.merge": {
      "version": "4.6.2",
      "resolved": "https://registry.npmjs.org/lodash.merge/-/lodash.merge-4.6.2.tgz",
      "integrity": "sha512-0KpjqXRVvrYyCsX1swR/XTK0va6VQkQM6MNo7PqW77ByjAhoARA8EfrP1N4+KlKj8YS0ZUCtRT/YUuhyYDujIQ=="
    },
    "regenerator-runtime": {
      "version": "0.12.1",
      "resolved": "https://registry.npmjs.org/regenerator-runtime/-/regenerator-runtime-0.12.1.tgz",
      "integrity": "sha512-odxIc1/vDlo4iZcfXqRYFj0vpXFNoGdKMAUieAlFYO6m/nl5e9KR/beGf41z4a1FI+aQgtjhuaSlDxQ0hmkrHg=="
    },
    "tplink-smarthome-crypto": {
      "version": "2.0.0",
      "resolved": "https://registry.npmjs.org/tplink-smarthome-crypto/-/tplink-smarthome-crypto-2.0.0.tgz",
      "integrity": "sha512-s7DIbRIHe+hXJReKtd+Dz0qO+ZKSLEsFFeKfSe/yKrTl6y9+JHvcUe4GBL/uDlKwiVkP+lp28nKndnBNJ0vRmw=="
    },
    "tplink-smarthome-simulator": {
      "version": "1.10.0",
      "resolved": "https://registry.npmjs.org/tplink-smarthome-simulator/-/tplink-smarthome-simulator-1.10.0.tgz",
      "integrity": "sha512-NekWUbv1i7wynA994kluLduOXc2dP1wYLAhkfhlEBmf3YfVcYgOXdy0qooZVUm7lVvhhnrHZw7b4nYMnfO9UwA==",
      "requires": {
        "@babel/runtime": "^7.3.1",
        "debug": "^4.1.1",
        "lodash.defaultsdeep": "^4.6.0",
        "lodash.merge": "^4.6.1",
        "tplink-smarthome-crypto": "^2.0.0"
      }
    }
  }
}
